
Microsoft Visual Studio Solution File, Format Version 12.00
# Visual Studio Version 17
VisualStudioVersion = 17.3.32901.215
MinimumVisualStudioVersion = 10.0.40219.1
Project("{9A19103F-16F7-4668-BE54-9A1E7A4F7556}") = "LR2mod2", "PR2\LR2mod2.csproj", "{8678940D-AD3F-4CE0-BC62-FA92B6324C85}"
EndProject
Global
	GlobalSection(SolutionConfigurationPlatforms) = preSolution
		Debug|Any CPU = Debug|Any CPU
		Release|Any CPU = Release|Any CPU
	EndGlobalSection
	GlobalSection(ProjectConfigurationPlatforms) = postSolution
		{8678940D-AD3F-4CE0-BC62-FA92B6324C85}.Debug|Any CPU.ActiveCfg = Debug|Any CPU
		{8678940D-AD3F-4CE0-BC62-FA92B6324C85}.Debug|Any CPU.Build.0 = Debug|Any CPU
		{8678940D-AD3F-4CE0-BC62-FA92B6324C85}.Release|Any CPU.ActiveCfg = Release|Any CPU
		{8678940D-AD3F-4CE0-BC62-FA92B6324C85}.Release|Any CPU.Build.0 = Release|Any CPU
	EndGlobalSection
	GlobalSection(SolutionProperties) = preSolution
		HideSolutionNode = FALSE
	EndGlobalSection
	GlobalSection(ExtensibilityGlobals) = postSolution
		SolutionGuid = {8AB536C9-5706-481A-B261-690288332DDC}
	EndGlobalSection
EndGlobal
